<Solution>
  <Folder Name="/src/">
    <Project Path="src/UAF.Common/UAF.Common.csproj" />
    <Project Path="src/UAF.Data/UAF.Data.csproj" />
    <Project Path="src/UAF.Import.Frua/UAF.Import.Frua.csproj" />
    <Project Path="src/UAF.Media/UAF.Media.csproj" />
    <Project Path="src/UAF.Media.Sdl/UAF.Media.Sdl.csproj" />
    <Project Path="src/UAF.Rules/UAF.Rules.csproj" />
    <Project Path="src/UAF.Scripting/UAF.Scripting.csproj" />
    <Project Path="src/UAF.Serialization/UAF.Serialization.csproj" />
    <Project Path="src/UAFcore/UAFcore.csproj" />
    <Project Path="src/UAFcore.App/UAFcore.App.csproj" />
    <Project Path="src/UAFedit/UAFedit.csproj" />
  </Folder>
  <Folder Name="/tests/">
    <Project Path="tests/UAF.Import.Frua.Tests/UAF.Import.Frua.Tests.csproj" />
    <Project Path="tests/UAF.Media.Tests/UAF.Media.Tests.csproj" />
    <Project Path="tests/UAF.Rules.Tests/UAF.Rules.Tests.csproj" />
    <Project Path="tests/UAF.Scripting.Tests/UAF.Scripting.Tests.csproj" />
    <Project Path="tests/UAF.Serialization.Tests/UAF.Serialization.Tests.csproj" />
    <Project Path="tests/UAFcore.Tests/UAFcore.Tests.csproj" />
    <Project Path="tests/UAFedit.Tests/UAFedit.Tests.csproj" />
    <Project Path="tests/UAFedit.Databases.Tests/UAFedit.Databases.Tests.csproj" />
    <Project Path="tests/UAFedit.Events.Tests/UAFedit.Events.Tests.csproj" />
    <Project Path="tests/UAFedit.Levels.Tests/UAFedit.Levels.Tests.csproj" />
    <Project Path="tests/UAFedit.Map.Tests/UAFedit.Map.Tests.csproj" />
    <Project Path="tests/UAFedit.RoundTrip.Tests/UAFedit.RoundTrip.Tests.csproj" />
    <Project Path="tests/UAFedit.Spells.Tests/UAFedit.Spells.Tests.csproj" />
    <Project Path="tests/rc2axaml.Tests/rc2axaml.Tests.csproj" />
  </Folder>
  <Folder Name="/tools/">
    <Project Path="tools/gpdlc/gpdlc.csproj" />
    <Project Path="tools/rc2axaml/rc2axaml.csproj" />
    <Project Path="tools/uaf-fileprobe/uaf-fileprobe.csproj" />
  </Folder>
</Solution>
